
Microsoft Visual Studio Solution File, Format Version 12.00
# Visual Studio 15
VisualStudioVersion = 15.0.26020.0
MinimumVisualStudioVersion = 10.0.40219.1
Project("{FAE04EC0-301F-11D3-BF4B-00C04F79EFBC}") = "AzureBlobs", "Blobs\AzureBlobs.csproj", "{C4D977FD-51F4-4815-8105-1FC3B6FBCA30}"
EndProject
Project("{FAE04EC0-301F-11D3-BF4B-00C04F79EFBC}") = "AzureTables", "AzureTables\AzureTables.csproj", "{73650D03-EBC4-41D3-9D7D-3B610ED860D6}"
EndProject
Project("{FAE04EC0-301F-11D3-BF4B-00C04F79EFBC}") = "AzureQueue", "AzureQueue\AzureQueue.csproj", "{F1C17CD1-D093-41B0-B270-B31397775F3A}"
EndProject
Project("{FAE04EC0-301F-11D3-BF4B-00C04F79EFBC}") = "AzureTestQueue", "AzureTestQueue\AzureTestQueue.csproj", "{F405C321-03EA-4B70-A6D3-1E93DC66B0C9}"
EndProject
Global
	GlobalSection(SolutionConfigurationPlatforms) = preSolution
		Debug|Any CPU = Debug|Any CPU
		Release|Any CPU = Release|Any CPU
	EndGlobalSection
	GlobalSection(ProjectConfigurationPlatforms) = postSolution
		{C4D977FD-51F4-4815-8105-1FC3B6FBCA30}.Debug|Any CPU.ActiveCfg = Debug|Any CPU
		{C4D977FD-51F4-4815-8105-1FC3B6FBCA30}.Debug|Any CPU.Build.0 = Debug|Any CPU
		{C4D977FD-51F4-4815-8105-1FC3B6FBCA30}.Release|Any CPU.ActiveCfg = Release|Any CPU
		{C4D977FD-51F4-4815-8105-1FC3B6FBCA30}.Release|Any CPU.Build.0 = Release|Any CPU
		{73650D03-EBC4-41D3-9D7D-3B610ED860D6}.Debug|Any CPU.ActiveCfg = Debug|Any CPU
		{73650D03-EBC4-41D3-9D7D-3B610ED860D6}.Debug|Any CPU.Build.0 = Debug|Any CPU
		{73650D03-EBC4-41D3-9D7D-3B610ED860D6}.Release|Any CPU.ActiveCfg = Release|Any CPU
		{73650D03-EBC4-41D3-9D7D-3B610ED860D6}.Release|Any CPU.Build.0 = Release|Any CPU
		{F1C17CD1-D093-41B0-B270-B31397775F3A}.Debug|Any CPU.ActiveCfg = Debug|Any CPU
		{F1C17CD1-D093-41B0-B270-B31397775F3A}.Debug|Any CPU.Build.0 = Debug|Any CPU
		{F1C17CD1-D093-41B0-B270-B31397775F3A}.Release|Any CPU.ActiveCfg = Release|Any CPU
		{F1C17CD1-D093-41B0-B270-B31397775F3A}.Release|Any CPU.Build.0 = Release|Any CPU
		{F405C321-03EA-4B70-A6D3-1E93DC66B0C9}.Debug|Any CPU.ActiveCfg = Debug|Any CPU
		{F405C321-03EA-4B70-A6D3-1E93DC66B0C9}.Debug|Any CPU.Build.0 = Debug|Any CPU
		{F405C321-03EA-4B70-A6D3-1E93DC66B0C9}.Release|Any CPU.ActiveCfg = Release|Any CPU
		{F405C321-03EA-4B70-A6D3-1E93DC66B0C9}.Release|Any CPU.Build.0 = Release|Any CPU
	EndGlobalSection
	GlobalSection(SolutionProperties) = preSolution
		HideSolutionNode = FALSE
	EndGlobalSection
EndGlobal
